
Microsoft Visual Studio Solution File, Format Version 12.00
# Visual Studio 15
VisualStudioVersion = 15.0.28307.1231
MinimumVisualStudioVersion = 10.0.40219.1
Project("{B1E792BE-AA5F-4E3C-8C82-674BF9C0715B}") = "DatabaseServer_PLCExpert_01", "DatabaseServer_PLCExpert_01\DatabaseServer_PLCExpert_01.tsproj", "{E941F845-69E7-47E1-AE6F-6E4B1C07564A}"
EndProject
Project("{BACAAE27-5D5D-4513-97FF-0FED82FEF961}") = "ConnectivityProj", "ConnectivityProj\ConnectivityProj.tcconnproj", "{D079391E-25E3-48EA-A308-5B8E0F4B7C8B}"
EndProject
Global
	GlobalSection(SolutionConfigurationPlatforms) = preSolution
		Debug|TwinCAT CE7 (ARMV7) = Debug|TwinCAT CE7 (ARMV7)
		Debug|TwinCAT OS (ARMT2) = Debug|TwinCAT OS (ARMT2)
		Debug|TwinCAT RT (x64) = Debug|TwinCAT RT (x64)
		Debug|TwinCAT RT (x86) = Debug|TwinCAT RT (x86)
		Release|TwinCAT CE7 (ARMV7) = Release|TwinCAT CE7 (ARMV7)
		Release|TwinCAT OS (ARMT2) = Release|TwinCAT OS (ARMT2)
		Release|TwinCAT RT (x64) = Release|TwinCAT RT (x64)
		Release|TwinCAT RT (x86) = Release|TwinCAT RT (x86)
	EndGlobalSection
	GlobalSection(ProjectConfigurationPlatforms) = postSolution
		{E941F845-69E7-47E1-AE6F-6E4B1C07564A}.Debug|TwinCAT CE7 (ARMV7).ActiveCfg = Debug|TwinCAT CE7 (ARMV7)
		{E941F845-69E7-47E1-AE6F-6E4B1C07564A}.Debug|TwinCAT CE7 (ARMV7).Build.0 = Debug|TwinCAT CE7 (ARMV7)
		{E941F845-69E7-47E1-AE6F-6E4B1C07564A}.Debug|TwinCAT OS (ARMT2).ActiveCfg = Debug|TwinCAT OS (ARMT2)
		{E941F845-69E7-47E1-AE6F-6E4B1C07564A}.Debug|TwinCAT OS (ARMT2).Build.0 = Debug|TwinCAT OS (ARMT2)
		{E941F845-69E7-47E1-AE6F-6E4B1C07564A}.Debug|TwinCAT RT (x64).ActiveCfg = Debug|TwinCAT RT (x64)
		{E941F845-69E7-47E1-AE6F-6E4B1C07564A}.Debug|TwinCAT RT (x64).Build.0 = Debug|TwinCAT RT (x64)
		{E941F845-69E7-47E1-AE6F-6E4B1C07564A}.Debug|TwinCAT RT (x86).ActiveCfg = Debug|TwinCAT RT (x86)
		{E941F845-69E7-47E1-AE6F-6E4B1C07564A}.Debug|TwinCAT RT (x86).Build.0 = Debug|TwinCAT RT (x86)
		{E941F845-69E7-47E1-AE6F-6E4B1C07564A}.Release|TwinCAT CE7 (ARMV7).ActiveCfg = Release|TwinCAT CE7 (ARMV7)
		{E941F845-69E7-47E1-AE6F-6E4B1C07564A}.Release|TwinCAT CE7 (ARMV7).Build.0 = Release|TwinCAT CE7 (ARMV7)
		{E941F845-69E7-47E1-AE6F-6E4B1C07564A}.Release|TwinCAT OS (ARMT2).ActiveCfg = Release|TwinCAT OS (ARMT2)
		{E941F845-69E7-47E1-AE6F-6E4B1C07564A}.Release|TwinCAT OS (ARMT2).Build.0 = Release|TwinCAT OS (ARMT2)
		{E941F845-69E7-47E1-AE6F-6E4B1C07564A}.Release|TwinCAT RT (x64).ActiveCfg = Release|TwinCAT RT (x64)
		{E941F845-69E7-47E1-AE6F-6E4B1C07564A}.Release|TwinCAT RT (x64).Build.0 = Release|TwinCAT RT (x64)
		{E941F845-69E7-47E1-AE6F-6E4B1C07564A}.Release|TwinCAT RT (x86).ActiveCfg = Release|TwinCAT RT (x86)
		{E941F845-69E7-47E1-AE6F-6E4B1C07564A}.Release|TwinCAT RT (x86).Build.0 = Release|TwinCAT RT (x86)
		{D079391E-25E3-48EA-A308-5B8E0F4B7C8B}.Debug|TwinCAT CE7 (ARMV7).ActiveCfg = Debug|TwinCAT CE7 (ARMV7)
		{D079391E-25E3-48EA-A308-5B8E0F4B7C8B}.Debug|TwinCAT OS (ARMT2).ActiveCfg = Debug|TwinCAT OS (ARMT2)
		{D079391E-25E3-48EA-A308-5B8E0F4B7C8B}.Debug|TwinCAT RT (x64).ActiveCfg = Debug|TwinCAT RT (x64)
		{D079391E-25E3-48EA-A308-5B8E0F4B7C8B}.Debug|TwinCAT RT (x86).ActiveCfg = Debug|TwinCAT RT (x86)
		{D079391E-25E3-48EA-A308-5B8E0F4B7C8B}.Release|TwinCAT CE7 (ARMV7).ActiveCfg = Release|TwinCAT CE7 (ARMV7)
		{D079391E-25E3-48EA-A308-5B8E0F4B7C8B}.Release|TwinCAT OS (ARMT2).ActiveCfg = Release|TwinCAT OS (ARMT2)
		{D079391E-25E3-48EA-A308-5B8E0F4B7C8B}.Release|TwinCAT RT (x64).ActiveCfg = Release|TwinCAT RT (x64)
		{D079391E-25E3-48EA-A308-5B8E0F4B7C8B}.Release|TwinCAT RT (x86).ActiveCfg = Release|TwinCAT RT (x86)
		{D5F3233D-6949-4E82-B8E2-E7E370736F2C}.Debug|TwinCAT CE7 (ARMV7).ActiveCfg = Debug|TwinCAT CE7 (ARMV7)
		{D5F3233D-6949-4E82-B8E2-E7E370736F2C}.Debug|TwinCAT CE7 (ARMV7).Build.0 = Debug|TwinCAT CE7 (ARMV7)
		{D5F3233D-6949-4E82-B8E2-E7E370736F2C}.Debug|TwinCAT OS (ARMT2).ActiveCfg = Debug|TwinCAT OS (ARMT2)
		{D5F3233D-6949-4E82-B8E2-E7E370736F2C}.Debug|TwinCAT OS (ARMT2).Build.0 = Debug|TwinCAT OS (ARMT2)
		{D5F3233D-6949-4E82-B8E2-E7E370736F2C}.Debug|TwinCAT RT (x64).ActiveCfg = Debug|TwinCAT RT (x64)
		{D5F3233D-6949-4E82-B8E2-E7E370736F2C}.Debug|TwinCAT RT (x64).Build.0 = Debug|TwinCAT RT (x64)
		{D5F3233D-6949-4E82-B8E2-E7E370736F2C}.Debug|TwinCAT RT (x86).ActiveCfg = Debug|TwinCAT RT (x86)
		{D5F3233D-6949-4E82-B8E2-E7E370736F2C}.Debug|TwinCAT RT (x86).Build.0 = Debug|TwinCAT RT (x86)
		{D5F3233D-6949-4E82-B8E2-E7E370736F2C}.Release|TwinCAT CE7 (ARMV7).ActiveCfg = Release|TwinCAT CE7 (ARMV7)
		{D5F3233D-6949-4E82-B8E2-E7E370736F2C}.Release|TwinCAT CE7 (ARMV7).Build.0 = Release|TwinCAT CE7 (ARMV7)
		{D5F3233D-6949-4E82-B8E2-E7E370736F2C}.Release|TwinCAT OS (ARMT2).ActiveCfg = Release|TwinCAT OS (ARMT2)
		{D5F3233D-6949-4E82-B8E2-E7E370736F2C}.Release|TwinCAT OS (ARMT2).Build.0 = Release|TwinCAT OS (ARMT2)
		{D5F3233D-6949-4E82-B8E2-E7E370736F2C}.Release|TwinCAT RT (x64).ActiveCfg = Release|TwinCAT RT (x64)
		{D5F3233D-6949-4E82-B8E2-E7E370736F2C}.Release|TwinCAT RT (x64).Build.0 = Release|TwinCAT RT (x64)
		{D5F3233D-6949-4E82-B8E2-E7E370736F2C}.Release|TwinCAT RT (x86).ActiveCfg = Release|TwinCAT RT (x86)
		{D5F3233D-6949-4E82-B8E2-E7E370736F2C}.Release|TwinCAT RT (x86).Build.0 = Release|TwinCAT RT (x86)
	EndGlobalSection
	GlobalSection(SolutionProperties) = preSolution
		HideSolutionNode = FALSE
	EndGlobalSection
	GlobalSection(ExtensibilityGlobals) = postSolution
		SolutionGuid = {BB23BCE3-DF26-4A6E-826B-DC6A7C9F6637}
	EndGlobalSection
EndGlobal
